// !$*UTF8*$!
{
	archiveVersion = 1;
	classes = {
	};
	objectVersion = 48;
	objects = {

/* Begin PBXBuildFile section */
		923004591FC394C900055774 /* TaskViewController.swift in Sources */ = {isa = PBXBuildFile; fileRef = 923004581FC394C900055774 /* TaskViewController.swift */; };
		9230045B1FC3960600055774 /* TaskTableViewCell.swift in Sources */ = {isa = PBXBuildFile; fileRef = 9230045A1FC3960600055774 /* TaskTableViewCell.swift */; };
		9230045D1FC3991700055774 /* Task.swift in Sources */ = {isa = PBXBuildFile; fileRef = 9230045C1FC3991700055774 /* Task.swift */; };
		9230045F1FC3995000055774 /* TaskModel.swift in Sources */ = {isa = PBXBuildFile; fileRef = 9230045E1FC3995000055774 /* TaskModel.swift */; };
		923004611FC3C53E00055774 /* AddTaskViewController.swift in Sources */ = {isa = PBXBuildFile; fileRef = 923004601FC3C53E00055774 /* AddTaskViewController.swift */; };
		923004631FC3D3A300055774 /* AddTaskModel.swift in Sources */ = {isa = PBXBuildFile; fileRef = 923004621FC3D3A300055774 /* AddTaskModel.swift */; };
		9260886C1FCE2E8300A3AA1E /* service.php in Resources */ = {isa = PBXBuildFile; fileRef = 9260886B1FCE2E8300A3AA1E /* service.php */; };
		926692831FCDC3ED005D9148 /* TaskDetailViewController.swift in Sources */ = {isa = PBXBuildFile; fileRef = 926692821FCDC3ED005D9148 /* TaskDetailViewController.swift */; };
		929D55151FC3412F006FB23B /* AppDelegate.swift in Sources */ = {isa = PBXBuildFile; fileRef = 929D55141FC3412F006FB23B /* AppDelegate.swift */; };
		929D551A1FC3412F006FB23B /* Main.storyboard in Resources */ = {isa = PBXBuildFile; fileRef = 929D55181FC3412F006FB23B /* Main.storyboard */; };
		929D551C1FC3412F006FB23B /* Assets.xcassets in Resources */ = {isa = PBXBuildFile; fileRef = 929D551B1FC3412F006FB23B /* Assets.xcassets */; };
		929D551F1FC3412F006FB23B /* LaunchScreen.storyboard in Resources */ = {isa = PBXBuildFile; fileRef = 929D551D1FC3412F006FB23B /* LaunchScreen.storyboard */; };
		929D55271FC3428C006FB23B /* LoginViewController.swift in Sources */ = {isa = PBXBuildFile; fileRef = 929D55261FC3428C006FB23B /* LoginViewController.swift */; };
		929D552A1FC343E1006FB23B /* LoginModel.swift in Sources */ = {isa = PBXBuildFile; fileRef = 929D55291FC343E1006FB23B /* LoginModel.swift */; };
		929D552C1FC3452E006FB23B /* HTTPRequest.swift in Sources */ = {isa = PBXBuildFile; fileRef = 929D552B1FC3452E006FB23B /* HTTPRequest.swift */; };
		929D552E1FC36A72006FB23B /* RegisterViewController.swift in Sources */ = {isa = PBXBuildFile; fileRef = 929D552D1FC36A72006FB23B /* RegisterViewController.swift */; };
		929D55301FC371BF006FB23B /* RegisterModel.swift in Sources */ = {isa = PBXBuildFile; fileRef = 929D552F1FC371BF006FB23B /* RegisterModel.swift */; };
		92ED38EC1FCDF33400DD3293 /* TaskDetailModel.swift in Sources */ = {isa = PBXBuildFile; fileRef = 92ED38EB1FCDF33400DD3293 /* TaskDetailModel.swift */; };
/* End PBXBuildFile section */

/* Begin PBXFileReference section */
		923004581FC394C900055774 /* TaskViewController.swift */ = {isa = PBXFileReference; lastKnownFileType = sourcecode.swift; path = TaskViewController.swift; sourceTree = "<group>"; };
		9230045A1FC3960600055774 /* TaskTableViewCell.swift */ = {isa = PBXFileReference; lastKnownFileType = sourcecode.swift; path = TaskTableViewCell.swift; sourceTree = "<group>"; };
		9230045C1FC3991700055774 /* Task.swift */ = {isa = PBXFileReference; lastKnownFileType = sourcecode.swift; path = Task.swift; sourceTree = "<group>"; };
		9230045E1FC3995000055774 /* TaskModel.swift */ = {isa = PBXFileReference; lastKnownFileType = sourcecode.swift; path = TaskModel.swift; sourceTree = "<group>"; };
		923004601FC3C53E00055774 /* AddTaskViewController.swift */ = {isa = PBXFileReference; lastKnownFileType = sourcecode.swift; path = AddTaskViewController.swift; sourceTree = "<group>"; };
		923004621FC3D3A300055774 /* AddTaskModel.swift */ = {isa = PBXFileReference; lastKnownFileType = sourcecode.swift; path = AddTaskModel.swift; sourceTree = "<group>"; };
		9260886B1FCE2E8300A3AA1E /* service.php */ = {isa = PBXFileReference; explicitFileType = text.script.php; fileEncoding = 4; path = service.php; sourceTree = "<group>"; };
		926692821FCDC3ED005D9148 /* TaskDetailViewController.swift */ = {isa = PBXFileReference; lastKnownFileType = sourcecode.swift; path = TaskDetailViewController.swift; sourceTree = "<group>"; };
		929D55111FC3412F006FB23B /* TodoAPP.app */ = {isa = PBXFileReference; explicitFileType = wrapper.application; includeInIndex = 0; path = TodoAPP.app; sourceTree = BUILT_PRODUCTS_DIR; };
		929D55141FC3412F006FB23B /* AppDelegate.swift */ = {isa = PBXFileReference; lastKnownFileType = sourcecode.swift; path = AppDelegate.swift; sourceTree = "<group>"; };
		929D55191FC3412F006FB23B /* Base */ = {isa = PBXFileReference; lastKnownFileType = file.storyboard; name = Base; path = Base.lproj/Main.storyboard; sourceTree = "<group>"; };
		929D551B1FC3412F006FB23B /* Assets.xcassets */ = {isa = PBXFileReference; lastKnownFileType = folder.assetcatalog; path = Assets.xcassets; sourceTree = "<group>"; };
		929D551E1FC3412F006FB23B /* Base */ = {isa = PBXFileReference; lastKnownFileType = file.storyboard; name = Base; path = Base.lproj/LaunchScreen.storyboard; sourceTree = "<group>"; };
		929D55201FC3412F006FB23B /* Info.plist */ = {isa = PBXFileReference; lastKnownFileType = text.plist.xml; path = Info.plist; sourceTree = "<group>"; };
		929D55261FC3428C006FB23B /* LoginViewController.swift */ = {isa = PBXFileReference; lastKnownFileType = sourcecode.swift; path = LoginViewController.swift; sourceTree = "<group>"; };
		929D55291FC343E1006FB23B /* LoginModel.swift */ = {isa = PBXFileReference; lastKnownFileType = sourcecode.swift; path = LoginModel.swift; sourceTree = "<group>"; };
		929D552B1FC3452E006FB23B /* HTTPRequest.swift */ = {isa = PBXFileReference; lastKnownFileType = sourcecode.swift; path = HTTPRequest.swift; sourceTree = "<group>"; };
		929D552D1FC36A72006FB23B /* RegisterViewController.swift */ = {isa = PBXFileReference; lastKnownFileType = sourcecode.swift; path = RegisterViewController.swift; sourceTree = "<group>"; };
		929D552F1FC371BF006FB23B /* RegisterModel.swift */ = {isa = PBXFileReference; lastKnownFileType = sourcecode.swift; path = RegisterModel.swift; sourceTree = "<group>"; };
		92ED38EB1FCDF33400DD3293 /* TaskDetailModel.swift */ = {isa = PBXFileReference; lastKnownFileType = sourcecode.swift; path = TaskDetailModel.swift; sourceTree = "<group>"; };
/* End PBXFileReference section */

/* Begin PBXFrameworksBuildPhase section */
		929D550E1FC3412F006FB23B /* Frameworks */ = {
			isa = PBXFrameworksBuildPhase;
			buildActionMask = 2147483647;
			files = (
			);
			runOnlyForDeploymentPostprocessing = 0;
		};
/* End PBXFrameworksBuildPhase section */

/* Begin PBXGroup section */
		9260886A1FCE2E6800A3AA1E /* DB */ = {
			isa = PBXGroup;
			children = (
				9260886B1FCE2E8300A3AA1E /* service.php */,
			);
			path = DB;
			sourceTree = "<group>";
		};
		929D55081FC3412F006FB23B = {
			isa = PBXGroup;
			children = (
				929D55131FC3412F006FB23B /* TodoAPP */,
				929D55121FC3412F006FB23B /* Products */,
			);
			sourceTree = "<group>";
		};
		929D55121FC3412F006FB23B /* Products */ = {
			isa = PBXGroup;
			children = (
				929D55111FC3412F006FB23B /* TodoAPP.app */,
			);
			name = Products;
			sourceTree = "<group>";
		};
		929D55131FC3412F006FB23B /* TodoAPP */ = {
			isa = PBXGroup;
			children = (
				9260886A1FCE2E6800A3AA1E /* DB */,
				929D55281FC343CB006FB23B /* Model */,
				929D55141FC3412F006FB23B /* AppDelegate.swift */,
				929D55181FC3412F006FB23B /* Main.storyboard */,
				929D551B1FC3412F006FB23B /* Assets.xcassets */,
				929D551D1FC3412F006FB23B /* LaunchScreen.storyboard */,
				929D55201FC3412F006FB23B /* Info.plist */,
				929D55261FC3428C006FB23B /* LoginViewController.swift */,
				929D552D1FC36A72006FB23B /* RegisterViewController.swift */,
				923004581FC394C900055774 /* TaskViewController.swift */,
				9230045A1FC3960600055774 /* TaskTableViewCell.swift */,
				923004601FC3C53E00055774 /* AddTaskViewController.swift */,
				926692821FCDC3ED005D9148 /* TaskDetailViewController.swift */,
			);
			path = TodoAPP;
			sourceTree = "<group>";
		};
		929D55281FC343CB006FB23B /* Model */ = {
			isa = PBXGroup;
			children = (
				929D55291FC343E1006FB23B /* LoginModel.swift */,
				929D552B1FC3452E006FB23B /* HTTPRequest.swift */,
				929D552F1FC371BF006FB23B /* RegisterModel.swift */,
				9230045C1FC3991700055774 /* Task.swift */,
				9230045E1FC3995000055774 /* TaskModel.swift */,
				923004621FC3D3A300055774 /* AddTaskModel.swift */,
				92ED38EB1FCDF33400DD3293 /* TaskDetailModel.swift */,
			);
			path = Model;
			sourceTree = "<group>";
		};
/* End PBXGroup section */

/* Begin PBXNativeTarget section */
		929D55101FC3412F006FB23B /* TodoAPP */ = {
			isa = PBXNativeTarget;
			buildConfigurationList = 929D55231FC3412F006FB23B /* Build configuration list for PBXNativeTarget "TodoAPP" */;
			buildPhases = (
				929D550D1FC3412F006FB23B /* Sources */,
				929D550E1FC3412F006FB23B /* Frameworks */,
				929D550F1FC3412F006FB23B /* Resources */,
			);
			buildRules = (
			);
			dependencies = (
			);
			name = TodoAPP;
			productName = TodoAPP;
			productReference = 929D55111FC3412F006FB23B /* TodoAPP.app */;
			productType = "com.apple.product-type.application";
		};
/* End PBXNativeTarget section */

/* Begin PBXProject section */
		929D55091FC3412F006FB23B /* Project object */ = {
			isa = PBXProject;
			attributes = {
				LastSwiftUpdateCheck = 0910;
				LastUpgradeCheck = 0910;
				ORGANIZATIONNAME = "David Auger";
				TargetAttributes = {
					929D55101FC3412F006FB23B = {
						CreatedOnToolsVersion = 9.1;
						ProvisioningStyle = Automatic;
					};
				};
			};
			buildConfigurationList = 929D550C1FC3412F006FB23B /* Build configuration list for PBXProject "TodoAPP" */;
			compatibilityVersion = "Xcode 8.0";
			developmentRegion = en;
			hasScannedForEncodings = 0;
			knownRegions = (
				en,
				Base,
			);
			mainGroup = 929D55081FC3412F006FB23B;
			productRefGroup = 929D55121FC3412F006FB23B /* Products */;
			projectDirPath = "";
			projectRoot = "";
			targets = (
				929D55101FC3412F006FB23B /* TodoAPP */,
			);
		};
/* End PBXProject section */

/* Begin PBXResourcesBuildPhase section */
		929D550F1FC3412F006FB23B /* Resources */ = {
			isa = PBXResourcesBuildPhase;
			buildActionMask = 2147483647;
			files = (
				929D551F1FC3412F006FB23B /* LaunchScreen.storyboard in Resources */,
				929D551C1FC3412F006FB23B /* Assets.xcassets in Resources */,
				9260886C1FCE2E8300A3AA1E /* service.php in Resources */,
				929D551A1FC3412F006FB23B /* Main.storyboard in Resources */,
			);
			runOnlyForDeploymentPostprocessing = 0;
		};
/* End PBXResourcesBuildPhase section */

/* Begin PBXSourcesBuildPhase section */
		929D550D1FC3412F006FB23B /* Sources */ = {
			isa = PBXSourcesBuildPhase;
			buildActionMask = 2147483647;
			files = (
				9230045B1FC3960600055774 /* TaskTableViewCell.swift in Sources */,
				929D55271FC3428C006FB23B /* LoginViewController.swift in Sources */,
				9230045F1FC3995000055774 /* TaskModel.swift in Sources */,
				923004591FC394C900055774 /* TaskViewController.swift in Sources */,
				929D552E1FC36A72006FB23B /* RegisterViewController.swift in Sources */,
				92ED38EC1FCDF33400DD3293 /* TaskDetailModel.swift in Sources */,
				929D55301FC371BF006FB23B /* RegisterModel.swift in Sources */,
				923004631FC3D3A300055774 /* AddTaskModel.swift in Sources */,
				923004611FC3C53E00055774 /* AddTaskViewController.swift in Sources */,
				929D552C1FC3452E006FB23B /* HTTPRequest.swift in Sources */,
				926692831FCDC3ED005D9148 /* TaskDetailViewController.swift in Sources */,
				929D552A1FC343E1006FB23B /* LoginModel.swift in Sources */,
				9230045D1FC3991700055774 /* Task.swift in Sources */,
				929D55151FC3412F006FB23B /* AppDelegate.swift in Sources */,
			);
			runOnlyForDeploymentPostprocessing = 0;
		};
/* End PBXSourcesBuildPhase section */

/* Begin PBXVariantGroup section */
		929D55181FC3412F006FB23B /* Main.storyboard */ = {
			isa = PBXVariantGroup;
			children = (
				929D55191FC3412F006FB23B /* Base */,
			);
			name = Main.storyboard;
			sourceTree = "<group>";
		};
		929D551D1FC3412F006FB23B /* LaunchScreen.storyboard */ = {
			isa = PBXVariantGroup;
			children = (
				929D551E1FC3412F006FB23B /* Base */,
			);
			name = LaunchScreen.storyboard;
			sourceTree = "<group>";
		};
/* End PBXVariantGroup section */

/* Begin XCBuildConfiguration section */
		929D55211FC3412F006FB23B /* Debug */ = {
			isa = XCBuildConfiguration;
			buildSettings = {
				ALWAYS_SEARCH_USER_PATHS = NO;
				CLANG_ANALYZER_NONNULL = YES;
				CLANG_ANALYZER_NUMBER_OBJECT_CONVERSION = YES_AGGRESSIVE;
				CLANG_CXX_LANGUAGE_STANDARD = "gnu++14";
				CLANG_CXX_LIBRARY = "libc++";
				CLANG_ENABLE_MODULES = YES;
				CLANG_ENABLE_OBJC_ARC = YES;
				CLANG_WARN_BLOCK_CAPTURE_AUTORELEASING = YES;
				CLANG_WARN_BOOL_CONVERSION = YES;
				CLANG_WARN_COMMA = YES;
				CLANG_WARN_CONSTANT_CONVERSION = YES;
				CLANG_WARN_DIRECT_OBJC_ISA_USAGE = YES_ERROR;
				CLANG_WARN_DOCUMENTATION_COMMENTS = YES;
				CLANG_WARN_EMPTY_BODY = YES;
				CLANG_WARN_ENUM_CONVERSION = YES;
				CLANG_WARN_INFINITE_RECURSION = YES;
				CLANG_WARN_INT_CONVERSION = YES;
				CLANG_WARN_NON_LITERAL_NULL_CONVERSION = YES;
				CLANG_WARN_OBJC_LITERAL_CONVERSION = YES;
				CLANG_WARN_OBJC_ROOT_CLASS = YES_ERROR;
				CLANG_WARN_RANGE_LOOP_ANALYSIS = YES;
				CLANG_WARN_STRICT_PROTOTYPES = YES;
				CLANG_WARN_SUSPICIOUS_MOVE = YES;
				CLANG_WARN_UNGUARDED_AVAILABILITY = YES_AGGRESSIVE;
				CLANG_WARN_UNREACHABLE_CODE = YES;
				CLANG_WARN__DUPLICATE_METHOD_MATCH = YES;
				CODE_SIGN_IDENTITY = "iPhone Developer";
				COPY_PHASE_STRIP = NO;
				DEBUG_INFORMATION_FORMAT = dwarf;
				ENABLE_STRICT_OBJC_MSGSEND = YES;
				ENABLE_TESTABILITY = YES;
				GCC_C_LANGUAGE_STANDARD = gnu11;
				GCC_DYNAMIC_NO_PIC = NO;
				GCC_NO_COMMON_BLOCKS = YES;
				GCC_OPTIMIZATION_LEVEL = 0;
				GCC_PREPROCESSOR_DEFINITIONS = (
					"DEBUG=1",
					"$(inherited)",
				);
				GCC_WARN_64_TO_32_BIT_CONVERSION = YES;
				GCC_WARN_ABOUT_RETURN_TYPE = YES_ERROR;
				GCC_WARN_UNDECLARED_SELECTOR = YES;
				GCC_WARN_UNINITIALIZED_AUTOS = YES_AGGRESSIVE;
				GCC_WARN_UNUSED_FUNCTION = YES;
				GCC_WARN_UNUSED_VARIABLE = YES;
				IPHONEOS_DEPLOYMENT_TARGET = 11.1;
				MTL_ENABLE_DEBUG_INFO = YES;
				ONLY_ACTIVE_ARCH = YES;
				SDKROOT = iphoneos;
				SWIFT_ACTIVE_COMPILATION_CONDITIONS = DEBUG;
				SWIFT_OPTIMIZATION_LEVEL = "-Onone";
			};
			name = Debug;
		};
		929D55221FC3412F006FB23B /* Release */ = {
			isa = XCBuildConfiguration;
			buildSettings = {
				ALWAYS_SEARCH_USER_PATHS = NO;
				CLANG_ANALYZER_NONNULL = YES;
				CLANG_ANALYZER_NUMBER_OBJECT_CONVERSION = YES_AGGRESSIVE;
				CLANG_CXX_LANGUAGE_STANDARD = "gnu++14";
				CLANG_CXX_LIBRARY = "libc++";
				CLANG_ENABLE_MODULES = YES;
				CLANG_ENABLE_OBJC_ARC = YES;
				CLANG_WARN_BLOCK_CAPTURE_AUTORELEASING = YES;
				CLANG_WARN_BOOL_CONVERSION = YES;
				CLANG_WARN_COMMA = YES;
				CLANG_WARN_CONSTANT_CONVERSION = YES;
				CLANG_WARN_DIRECT_OBJC_ISA_USAGE = YES_ERROR;
				CLANG_WARN_DOCUMENTATION_COMMENTS = YES;
				CLANG_WARN_EMPTY_BODY = YES;
				CLANG_WARN_ENUM_CONVERSION = YES;
				CLANG_WARN_INFINITE_RECURSION = YES;
				CLANG_WARN_INT_CONVERSION = YES;
				CLANG_WARN_NON_LITERAL_NULL_CONVERSION = YES;
				CLANG_WARN_OBJC_LITERAL_CONVERSION = YES;
				CLANG_WARN_OBJC_ROOT_CLASS = YES_ERROR;
				CLANG_WARN_RANGE_LOOP_ANALYSIS = YES;
				CLANG_WARN_STRICT_PROTOTYPES = YES;
				CLANG_WARN_SUSPICIOUS_MOVE = YES;
				CLANG_WARN_UNGUARDED_AVAILABILITY = YES_AGGRESSIVE;
				CLANG_WARN_UNREACHABLE_CODE = YES;
				CLANG_WARN__DUPLICATE_METHOD_MATCH = YES;
				CODE_SIGN_IDENTITY = "iPhone Developer";
				COPY_PHASE_STRIP = NO;
				DEBUG_INFORMATION_FORMAT = "dwarf-with-dsym";
				ENABLE_NS_ASSERTIONS = NO;
				ENABLE_STRICT_OBJC_MSGSEND = YES;
				GCC_C_LANGUAGE_STANDARD = gnu11;
				GCC_NO_COMMON_BLOCKS = YES;
				GCC_WARN_64_TO_32_BIT_CONVERSION = YES;
				GCC_WARN_ABOUT_RETURN_TYPE = YES_ERROR;
				GCC_WARN_UNDECLARED_SELECTOR = YES;
				GCC_WARN_UNINITIALIZED_AUTOS = YES_AGGRESSIVE;
				GCC_WARN_UNUSED_FUNCTION = YES;
				GCC_WARN_UNUSED_VARIABLE = YES;
				IPHONEOS_DEPLOYMENT_TARGET = 11.1;
				MTL_ENABLE_DEBUG_INFO = NO;
				SDKROOT = iphoneos;
				SWIFT_OPTIMIZATION_LEVEL = "-Owholemodule";
				VALIDATE_PRODUCT = YES;
			};
			name = Release;
		};
		929D55241FC3412F006FB23B /* Debug */ = {
			isa = XCBuildConfiguration;
			buildSettings = {
				ASSETCATALOG_COMPILER_APPICON_NAME = AppIcon;
				CODE_SIGN_STYLE = Automatic;
				DEVELOPMENT_TEAM = 4MUNDNTQ4X;
				INFOPLIST_FILE = TodoAPP/Info.plist;
				LD_RUNPATH_SEARCH_PATHS = "$(inherited) @executable_path/Frameworks";
				PRODUCT_BUNDLE_IDENTIFIER = com.deayqf.TodoAPP;
				PRODUCT_NAME = "$(TARGET_NAME)";
				SWIFT_VERSION = 4.0;
				TARGETED_DEVICE_FAMILY = "1,2";
			};
			name = Debug;
		};
		929D55251FC3412F006FB23B /* Release */ = {
			isa = XCBuildConfiguration;
			buildSettings = {
				ASSETCATALOG_COMPILER_APPICON_NAME = AppIcon;
				CODE_SIGN_STYLE = Automatic;
				DEVELOPMENT_TEAM = 4MUNDNTQ4X;
				INFOPLIST_FILE = TodoAPP/Info.plist;
				LD_RUNPATH_SEARCH_PATHS = "$(inherited) @executable_path/Frameworks";
				PRODUCT_BUNDLE_IDENTIFIER = com.deayqf.TodoAPP;
				PRODUCT_NAME = "$(TARGET_NAME)";
				SWIFT_VERSION = 4.0;
				TARGETED_DEVICE_FAMILY = "1,2";
			};
			name = Release;
		};
/* End XCBuildConfiguration section */

/* Begin XCConfigurationList section */
		929D550C1FC3412F006FB23B /* Build configuration list for PBXProject "TodoAPP" */ = {
			isa = XCConfigurationList;
			buildConfigurations = (
				929D55211FC3412F006FB23B /* Debug */,
				929D55221FC3412F006FB23B /* Release */,
			);
			defaultConfigurationIsVisible = 0;
			defaultConfigurationName = Release;
		};
		929D55231FC3412F006FB23B /* Build configuration list for PBXNativeTarget "TodoAPP" */ = {
			isa = XCConfigurationList;
			buildConfigurations = (
				929D55241FC3412F006FB23B /* Debug */,
				929D55251FC3412F006FB23B /* Release */,
			);
			defaultConfigurationIsVisible = 0;
			defaultConfigurationName = Release;
		};
/* End XCConfigurationList section */
	};
	rootObject = 929D55091FC3412F006FB23B /* Project object */;
}
